
Microsoft Visual Studio Solution File, Format Version 12.00
# Visual Studio Version 17
VisualStudioVersion = 17.3.32922.545
MinimumVisualStudioVersion = 10.0.40219.1
Project("{FAE04EC0-301F-11D3-BF4B-00C04F79EFBC}") = "NLayer.Core", "NLayer.Core\NLayer.Core.csproj", "{0EFF945D-2BA5-4D23-BE76-4348B9B19EB1}"
EndProject
Project("{FAE04EC0-301F-11D3-BF4B-00C04F79EFBC}") = "NLayer.Repository", "NLayer.Repository\NLayer.Repository.csproj", "{6C97CE81-97BD-4246-B61A-B0D5868C1565}"
EndProject
Project("{FAE04EC0-301F-11D3-BF4B-00C04F79EFBC}") = "NLayer.Service", "NLayer.Service\NLayer.Service.csproj", "{E031BAEE-C743-44F0-9790-BCFCF957B249}"
EndProject
Project("{FAE04EC0-301F-11D3-BF4B-00C04F79EFBC}") = "NLayer.API", "NLayer.API\NLayer.API.csproj", "{866B63AF-26AC-4538-89B0-CB6B09588CE2}"
EndProject
Project("{FAE04EC0-301F-11D3-BF4B-00C04F79EFBC}") = "NLayer.Web", "NLayer.Web\NLayer.Web.csproj", "{D89BD0DA-11DA-4F22-A67B-29419DEB75B9}"
EndProject
Project("{FAE04EC0-301F-11D3-BF4B-00C04F79EFBC}") = "NLayer.Caching", "NLayer.Caching\NLayer.Caching.csproj", "{F3D0D00B-CF5D-4BA9-BA7D-D59C6B032A0F}"
EndProject
Global
	GlobalSection(SolutionConfigurationPlatforms) = preSolution
		Debug|Any CPU = Debug|Any CPU
		Release|Any CPU = Release|Any CPU
	EndGlobalSection
	GlobalSection(ProjectConfigurationPlatforms) = postSolution
		{0EFF945D-2BA5-4D23-BE76-4348B9B19EB1}.Debug|Any CPU.ActiveCfg = Debug|Any CPU
		{0EFF945D-2BA5-4D23-BE76-4348B9B19EB1}.Debug|Any CPU.Build.0 = Debug|Any CPU
		{0EFF945D-2BA5-4D23-BE76-4348B9B19EB1}.Release|Any CPU.ActiveCfg = Release|Any CPU
		{0EFF945D-2BA5-4D23-BE76-4348B9B19EB1}.Release|Any CPU.Build.0 = Release|Any CPU
		{6C97CE81-97BD-4246-B61A-B0D5868C1565}.Debug|Any CPU.ActiveCfg = Debug|Any CPU
		{6C97CE81-97BD-4246-B61A-B0D5868C1565}.Debug|Any CPU.Build.0 = Debug|Any CPU
		{6C97CE81-97BD-4246-B61A-B0D5868C1565}.Release|Any CPU.ActiveCfg = Release|Any CPU
		{6C97CE81-97BD-4246-B61A-B0D5868C1565}.Release|Any CPU.Build.0 = Release|Any CPU
		{E031BAEE-C743-44F0-9790-BCFCF957B249}.Debug|Any CPU.ActiveCfg = Debug|Any CPU
		{E031BAEE-C743-44F0-9790-BCFCF957B249}.Debug|Any CPU.Build.0 = Debug|Any CPU
		{E031BAEE-C743-44F0-9790-BCFCF957B249}.Release|Any CPU.ActiveCfg = Release|Any CPU
		{E031BAEE-C743-44F0-9790-BCFCF957B249}.Release|Any CPU.Build.0 = Release|Any CPU
		{866B63AF-26AC-4538-89B0-CB6B09588CE2}.Debug|Any CPU.ActiveCfg = Debug|Any CPU
		{866B63AF-26AC-4538-89B0-CB6B09588CE2}.Debug|Any CPU.Build.0 = Debug|Any CPU
		{866B63AF-26AC-4538-89B0-CB6B09588CE2}.Release|Any CPU.ActiveCfg = Release|Any CPU
		{866B63AF-26AC-4538-89B0-CB6B09588CE2}.Release|Any CPU.Build.0 = Release|Any CPU
		{D89BD0DA-11DA-4F22-A67B-29419DEB75B9}.Debug|Any CPU.ActiveCfg = Debug|Any CPU
		{D89BD0DA-11DA-4F22-A67B-29419DEB75B9}.Debug|Any CPU.Build.0 = Debug|Any CPU
		{D89BD0DA-11DA-4F22-A67B-29419DEB75B9}.Release|Any CPU.ActiveCfg = Release|Any CPU
		{D89BD0DA-11DA-4F22-A67B-29419DEB75B9}.Release|Any CPU.Build.0 = Release|Any CPU
		{F3D0D00B-CF5D-4BA9-BA7D-D59C6B032A0F}.Debug|Any CPU.ActiveCfg = Debug|Any CPU
		{F3D0D00B-CF5D-4BA9-BA7D-D59C6B032A0F}.Debug|Any CPU.Build.0 = Debug|Any CPU
		{F3D0D00B-CF5D-4BA9-BA7D-D59C6B032A0F}.Release|Any CPU.ActiveCfg = Release|Any CPU
		{F3D0D00B-CF5D-4BA9-BA7D-D59C6B032A0F}.Release|Any CPU.Build.0 = Release|Any CPU
	EndGlobalSection
	GlobalSection(SolutionProperties) = preSolution
		HideSolutionNode = FALSE
	EndGlobalSection
	GlobalSection(ExtensibilityGlobals) = postSolution
		SolutionGuid = {EE7710C9-36ED-4E72-8173-2B82FE63F2A7}
	EndGlobalSection
EndGlobal
